
Microsoft Visual Studio Solution File, Format Version 12.00
# Visual Studio Version 17
VisualStudioVersion = 17.10.34928.147
MinimumVisualStudioVersion = 10.0.40219.1
Project("{FAE04EC0-301F-11D3-BF4B-00C04F79EFBC}") = "AutoUpconvert", "AutoUpconvert.csproj", "{69E5BC43-4551-43C2-9F92-9ECA5DEE349F}"
EndProject
Global
	GlobalSection(SolutionConfigurationPlatforms) = preSolution
		Debug|Any CPU = Debug|Any CPU
		Release|Any CPU = Release|Any CPU
	EndGlobalSection
	GlobalSection(ProjectConfigurationPlatforms) = postSolution
		{69E5BC43-4551-43C2-9F92-9ECA5DEE349F}.Debug|Any CPU.ActiveCfg = Debug|Any CPU
		{69E5BC43-4551-43C2-9F92-9ECA5DEE349F}.Debug|Any CPU.Build.0 = Debug|Any CPU
		{69E5BC43-4551-43C2-9F92-9ECA5DEE349F}.Release|Any CPU.ActiveCfg = Release|Any CPU
		{69E5BC43-4551-43C2-9F92-9ECA5DEE349F}.Release|Any CPU.Build.0 = Release|Any CPU
	EndGlobalSection
	GlobalSection(SolutionProperties) = preSolution
		HideSolutionNode = FALSE
	EndGlobalSection
	GlobalSection(ExtensibilityGlobals) = postSolution
		SolutionGuid = {98608B84-5246-450C-87A8-AB42340747F2}
	EndGlobalSection
EndGlobal
